
Microsoft Visual Studio Solution File, Format Version 12.00
# Visual Studio Version 17
VisualStudioVersion = 17.11.35327.3
MinimumVisualStudioVersion = 10.0.40219.1
Project("{FAE04EC0-301F-11D3-BF4B-00C04F79EFBC}") = "OOPproject", "OOPproject\OOPproject.csproj", "{B5841D0F-F692-4114-9ABE-1C71ED762EBF}"
EndProject
Global
	GlobalSection(SolutionConfigurationPlatforms) = preSolution
		Debug|Any CPU = Debug|Any CPU
		Release|Any CPU = Release|Any CPU
	EndGlobalSection
	GlobalSection(ProjectConfigurationPlatforms) = postSolution
		{B5841D0F-F692-4114-9ABE-1C71ED762EBF}.Debug|Any CPU.ActiveCfg = Debug|Any CPU
		{B5841D0F-F692-4114-9ABE-1C71ED762EBF}.Debug|Any CPU.Build.0 = Debug|Any CPU
		{B5841D0F-F692-4114-9ABE-1C71ED762EBF}.Release|Any CPU.ActiveCfg = Release|Any CPU
		{B5841D0F-F692-4114-9ABE-1C71ED762EBF}.Release|Any CPU.Build.0 = Release|Any CPU
	EndGlobalSection
	GlobalSection(SolutionProperties) = preSolution
		HideSolutionNode = FALSE
	EndGlobalSection
	GlobalSection(ExtensibilityGlobals) = postSolution
		SolutionGuid = {14BD22D4-FFFB-4FE1-862F-E5688DA7C55E}
	EndGlobalSection
EndGlobal
